// !$*UTF8*$!
{
	archiveVersion = 1;
	classes = {
	};
	objectVersion = 46;
	objects = {

/* Begin PBXBuildFile section */
		03517297186C6212008D8D0C /* BuildOffsetPass.cpp in Sources */ = {isa = PBXBuildFile; fileRef = 03517296186C6212008D8D0C /* BuildOffsetPass.cpp */; };
		038F9724185F84390089C256 /* ofxPerlin.cpp in Sources */ = {isa = PBXBuildFile; fileRef = 038F9721185F84390089C256 /* ofxPerlin.cpp */; };
		038F97E1185F863F0089C256 /* GlitchPlayer.cpp in Sources */ = {isa = PBXBuildFile; fileRef = 038F97DF185F863F0089C256 /* GlitchPlayer.cpp */; };
		038F97EE185F87AC0089C256 /* ofxMonomeControl.cpp in Sources */ = {isa = PBXBuildFile; fileRef = 038F97EA185F87AC0089C256 /* ofxMonomeControl.cpp */; };
		038F9808185F87EB0089C256 /* libturbojpeg.a in Frameworks */ = {isa = PBXBuildFile; fileRef = 038F97FD185F87EB0089C256 /* libturbojpeg.a */; };
		038F9809185F87EB0089C256 /* libturbojpeg.dylib in Frameworks */ = {isa = PBXBuildFile; fileRef = 038F97FE185F87EB0089C256 /* libturbojpeg.dylib */; };
		038F980C185F87EB0089C256 /* ofxTurboJpeg.cpp in Sources */ = {isa = PBXBuildFile; fileRef = 038F9804185F87EB0089C256 /* ofxTurboJpeg.cpp */; };
		038F9814185F87F80089C256 /* ofxPrettyExtremeUtils.cpp in Sources */ = {isa = PBXBuildFile; fileRef = 038F9812185F87F80089C256 /* ofxPrettyExtremeUtils.cpp */; };
		03DFD7D31864CD410011A3F5 /* BleachBypassPass.cpp in Sources */ = {isa = PBXBuildFile; fileRef = 03DFD7961864CD410011A3F5 /* BleachBypassPass.cpp */; };
		03DFD7D41864CD410011A3F5 /* BloomPass.cpp in Sources */ = {isa = PBXBuildFile; fileRef = 03DFD7981864CD410011A3F5 /* BloomPass.cpp */; };
		03DFD7D51864CD410011A3F5 /* BWLevelsPass.cpp in Sources */ = {isa = PBXBuildFile; fileRef = 03DFD79A1864CD410011A3F5 /* BWLevelsPass.cpp */; };
		03DFD7D61864CD410011A3F5 /* ColorizePass.cpp in Sources */ = {isa = PBXBuildFile; fileRef = 03DFD79C1864CD410011A3F5 /* ColorizePass.cpp */; };
		03DFD7D71864CD410011A3F5 /* ContrastPass.cpp in Sources */ = {isa = PBXBuildFile; fileRef = 03DFD79E1864CD410011A3F5 /* ContrastPass.cpp */; };
		03DFD7D81864CD410011A3F5 /* ConvolutionPass.cpp in Sources */ = {isa = PBXBuildFile; fileRef = 03DFD7A01864CD410011A3F5 /* ConvolutionPass.cpp */; };
		03DFD7D91864CD410011A3F5 /* DofAltPass.cpp in Sources */ = {isa = PBXBuildFile; fileRef = 03DFD7A21864CD410011A3F5 /* DofAltPass.cpp */; };
		03DFD7DA1864CD410011A3F5 /* DofPass.cpp in Sources */ = {isa = PBXBuildFile; fileRef = 03DFD7A41864CD410011A3F5 /* DofPass.cpp */; };
		03DFD7DB1864CD410011A3F5 /* EdgePass.cpp in Sources */ = {isa = PBXBuildFile; fileRef = 03DFD7A61864CD410011A3F5 /* EdgePass.cpp */; };
		03DFD7DC1864CD410011A3F5 /* FakeSSSPass.cpp in Sources */ = {isa = PBXBuildFile; fileRef = 03DFD7A81864CD410011A3F5 /* FakeSSSPass.cpp */; };
		03DFD7DD1864CD410011A3F5 /* FxaaPass.cpp in Sources */ = {isa = PBXBuildFile; fileRef = 03DFD7AA1864CD410011A3F5 /* FxaaPass.cpp */; };
		03DFD7DE1864CD410011A3F5 /* GlowPass.cpp in Sources */ = {isa = PBXBuildFile; fileRef = 03DFD7AC1864CD410011A3F5 /* GlowPass.cpp */; };
		03DFD7DF1864CD410011A3F5 /* GodRaysPass.cpp in Sources */ = {isa = PBXBuildFile; fileRef = 03DFD7AE1864CD410011A3F5 /* GodRaysPass.cpp */; };
		03DFD7E01864CD410011A3F5 /* HorizontalTiltShifPass.cpp in Sources */ = {isa = PBXBuildFile; fileRef = 03DFD7B01864CD410011A3F5 /* HorizontalTiltShifPass.cpp */; };
		03DFD7E11864CD410011A3F5 /* KaleidoscopePass.cpp in Sources */ = {isa = PBXBuildFile; fileRef = 03DFD7B21864CD410011A3F5 /* KaleidoscopePass.cpp */; };
		03DFD7E21864CD410011A3F5 /* LimbDarkeningPass.cpp in Sources */ = {isa = PBXBuildFile; fileRef = 03DFD7B41864CD410011A3F5 /* LimbDarkeningPass.cpp */; };
		03DFD7E31864CD410011A3F5 /* LUTPass.cpp in Sources */ = {isa = PBXBuildFile; fileRef = 03DFD7B61864CD410011A3F5 /* LUTPass.cpp */; };
		03DFD7E41864CD410011A3F5 /* NoiseWarpPass.cpp in Sources */ = {isa = PBXBuildFile; fileRef = 03DFD7B81864CD410011A3F5 /* NoiseWarpPass.cpp */; };
		03DFD7E51864CD410011A3F5 /* OffsetPass.cpp in Sources */ = {isa = PBXBuildFile; fileRef = 03DFD7BA1864CD410011A3F5 /* OffsetPass.cpp */; };
		03DFD7E61864CD410011A3F5 /* PixelatePass.cpp in Sources */ = {isa = PBXBuildFile; fileRef = 03DFD7BD1864CD410011A3F5 /* PixelatePass.cpp */; };
		03DFD7E71864CD410011A3F5 /* PostProcessing.cpp in Sources */ = {isa = PBXBuildFile; fileRef = 03DFD7BF1864CD410011A3F5 /* PostProcessing.cpp */; };
		03DFD7E81864CD410011A3F5 /* RenderPass.cpp in Sources */ = {isa = PBXBuildFile; fileRef = 03DFD7C11864CD410011A3F5 /* RenderPass.cpp */; };
		03DFD7E91864CD410011A3F5 /* RGBScalePass.cpp in Sources */ = {isa = PBXBuildFile; fileRef = 03DFD7C31864CD410011A3F5 /* RGBScalePass.cpp */; };
		03DFD7EA1864CD410011A3F5 /* RGBShiftPass.cpp in Sources */ = {isa = PBXBuildFile; fileRef = 03DFD7C51864CD410011A3F5 /* RGBShiftPass.cpp */; };
		03DFD7EB1864CD410011A3F5 /* RimHighlightingPass.cpp in Sources */ = {isa = PBXBuildFile; fileRef = 03DFD7C71864CD410011A3F5 /* RimHighlightingPass.cpp */; };
		03DFD7EC1864CD410011A3F5 /* SSAOPass.cpp in Sources */ = {isa = PBXBuildFile; fileRef = 03DFD7C91864CD410011A3F5 /* SSAOPass.cpp */; };
		03DFD7ED1864CD410011A3F5 /* ToonPass.cpp in Sources */ = {isa = PBXBuildFile; fileRef = 03DFD7CB1864CD410011A3F5 /* ToonPass.cpp */; };
		03DFD7EE1864CD410011A3F5 /* VerticalTiltShifPass.cpp in Sources */ = {isa = PBXBuildFile; fileRef = 03DFD7CD1864CD410011A3F5 /* VerticalTiltShifPass.cpp */; };
		03DFD7EF1864CD410011A3F5 /* ZoomBlurPass.cpp in Sources */ = {isa = PBXBuildFile; fileRef = 03DFD7CF1864CD410011A3F5 /* ZoomBlurPass.cpp */; };
		BBAB23CB13894F3D00AA2426 /* GLUT.framework in CopyFiles */ = {isa = PBXBuildFile; fileRef = BBAB23BE13894E4700AA2426 /* GLUT.framework */; };
		E4328149138ABC9F0047C5CB /* openFrameworksDebug.a in Frameworks */ = {isa = PBXBuildFile; fileRef = E4328148138ABC890047C5CB /* openFrameworksDebug.a */; };
		E45BE97B0E8CC7DD009D7055 /* AGL.framework in Frameworks */ = {isa = PBXBuildFile; fileRef = E45BE9710E8CC7DD009D7055 /* AGL.framework */; };
		E45BE97C0E8CC7DD009D7055 /* ApplicationServices.framework in Frameworks */ = {isa = PBXBuildFile; fileRef = E45BE9720E8CC7DD009D7055 /* ApplicationServices.framework */; };
		E45BE97D0E8CC7DD009D7055 /* AudioToolbox.framework in Frameworks */ = {isa = PBXBuildFile; fileRef = E45BE9730E8CC7DD009D7055 /* AudioToolbox.framework */; };
		E45BE97E0E8CC7DD009D7055 /* Carbon.framework in Frameworks */ = {isa = PBXBuildFile; fileRef = E45BE9740E8CC7DD009D7055 /* Carbon.framework */; };
		E45BE97F0E8CC7DD009D7055 /* CoreAudio.framework in Frameworks */ = {isa = PBXBuildFile; fileRef = E45BE9750E8CC7DD009D7055 /* CoreAudio.framework */; };
		E45BE9800E8CC7DD009D7055 /* CoreFoundation.framework in Frameworks */ = {isa = PBXBuildFile; fileRef = E45BE9760E8CC7DD009D7055 /* CoreFoundation.framework */; };
		E45BE9810E8CC7DD009D7055 /* CoreServices.framework in Frameworks */ = {isa = PBXBuildFile; fileRef = E45BE9770E8CC7DD009D7055 /* CoreServices.framework */; };
		E45BE9830E8CC7DD009D7055 /* OpenGL.framework in Frameworks */ = {isa = PBXBuildFile; fileRef = E45BE9790E8CC7DD009D7055 /* OpenGL.framework */; };
		E45BE9840E8CC7DD009D7055 /* QuickTime.framework in Frameworks */ = {isa = PBXBuildFile; fileRef = E45BE97A0E8CC7DD009D7055 /* QuickTime.framework */; };
		E4B69E200A3A1BDC003C02F2 /* main.cpp in Sources */ = {isa = PBXBuildFile; fileRef = E4B69E1D0A3A1BDC003C02F2 /* main.cpp */; };
		E4C2424710CC5A17004149E2 /* AppKit.framework in Frameworks */ = {isa = PBXBuildFile; fileRef = E4C2424410CC5A17004149E2 /* AppKit.framework */; };
		E4C2424810CC5A17004149E2 /* Cocoa.framework in Frameworks */ = {isa = PBXBuildFile; fileRef = E4C2424510CC5A17004149E2 /* Cocoa.framework */; };
		E4C2424910CC5A17004149E2 /* IOKit.framework in Frameworks */ = {isa = PBXBuildFile; fileRef = E4C2424610CC5A17004149E2 /* IOKit.framework */; };
		E4EB6799138ADC1D00A09F29 /* GLUT.framework in Frameworks */ = {isa = PBXBuildFile; fileRef = BBAB23BE13894E4700AA2426 /* GLUT.framework */; };
		E7E077E515D3B63C0020DFD4 /* CoreVideo.framework in Frameworks */ = {isa = PBXBuildFile; fileRef = E7E077E415D3B63C0020DFD4 /* CoreVideo.framework */; };
		E7E077E815D3B6510020DFD4 /* QTKit.framework in Frameworks */ = {isa = PBXBuildFile; fileRef = E7E077E715D3B6510020DFD4 /* QTKit.framework */; };
		E7F985F815E0DEA3003869B5 /* Accelerate.framework in Frameworks */ = {isa = PBXBuildFile; fileRef = E7F985F515E0DE99003869B5 /* Accelerate.framework */; };
/* End PBXBuildFile section */

/* Begin PBXContainerItemProxy section */
		E4328147138ABC890047C5CB /* PBXContainerItemProxy */ = {
			isa = PBXContainerItemProxy;
			containerPortal = E4328143138ABC890047C5CB /* openFrameworksLib.xcodeproj */;
			proxyType = 2;
			remoteGlobalIDString = E4B27C1510CBEB8E00536013;
			remoteInfo = openFrameworks;
		};
		E4EEB9AB138B136A00A80321 /* PBXContainerItemProxy */ = {
			isa = PBXContainerItemProxy;
			containerPortal = E4328143138ABC890047C5CB /* openFrameworksLib.xcodeproj */;
			proxyType = 1;
			remoteGlobalIDString = E4B27C1410CBEB8E00536013;
			remoteInfo = openFrameworks;
		};
/* End PBXContainerItemProxy section */

/* Begin PBXCopyFilesBuildPhase section */
		E4C2427710CC5ABF004149E2 /* CopyFiles */ = {
			isa = PBXCopyFilesBuildPhase;
			buildActionMask = 2147483647;
			dstPath = "";
			dstSubfolderSpec = 10;
			files = (
				BBAB23CB13894F3D00AA2426 /* GLUT.framework in CopyFiles */,
			);
			runOnlyForDeploymentPostprocessing = 0;
		};
/* End PBXCopyFilesBuildPhase section */

/* Begin PBXFileReference section */
		03517296186C6212008D8D0C /* BuildOffsetPass.cpp */ = {isa = PBXFileReference; fileEncoding = 4; lastKnownFileType = sourcecode.cpp.cpp; path = BuildOffsetPass.cpp; sourceTree = "<group>"; };
		03517298186C621B008D8D0C /* BuildOffsetPass.h */ = {isa = PBXFileReference; fileEncoding = 4; lastKnownFileType = sourcecode.c.h; path = BuildOffsetPass.h; sourceTree = "<group>"; };
		038F9721185F84390089C256 /* ofxPerlin.cpp */ = {isa = PBXFileReference; fileEncoding = 4; lastKnownFileType = sourcecode.cpp.cpp; path = ofxPerlin.cpp; sourceTree = "<group>"; };
		038F9722185F84390089C256 /* ofxPerlin.h */ = {isa = PBXFileReference; fileEncoding = 4; lastKnownFileType = sourcecode.c.h; path = ofxPerlin.h; sourceTree = "<group>"; };
		038F9723185F84390089C256 /* ofxSinCosLUT.h */ = {isa = PBXFileReference; fileEncoding = 4; lastKnownFileType = sourcecode.c.h; path = ofxSinCosLUT.h; sourceTree = "<group>"; };
		038F97DF185F863F0089C256 /* GlitchPlayer.cpp */ = {isa = PBXFileReference; fileEncoding = 4; lastKnownFileType = sourcecode.cpp.cpp; path = GlitchPlayer.cpp; sourceTree = "<group>"; };
		038F97E0185F863F0089C256 /* GlitchPlayer.h */ = {isa = PBXFileReference; fileEncoding = 4; lastKnownFileType = sourcecode.c.h; path = GlitchPlayer.h; sourceTree = "<group>"; };
		038F97E8185F87AC0089C256 /* README.txt */ = {isa = PBXFileReference; fileEncoding = 4; lastKnownFileType = text; path = README.txt; sourceTree = "<group>"; };
		038F97EA185F87AC0089C256 /* ofxMonomeControl.cpp */ = {isa = PBXFileReference; fileEncoding = 4; lastKnownFileType = sourcecode.cpp.cpp; path = ofxMonomeControl.cpp; sourceTree = "<group>"; };
		038F97EB185F87AC0089C256 /* ofxMonomeControl.h */ = {isa = PBXFileReference; fileEncoding = 4; lastKnownFileType = sourcecode.c.h; path = ofxMonomeControl.h; sourceTree = "<group>"; };
		038F97FA185F87EB0089C256 /* turbojpeg.h */ = {isa = PBXFileReference; fileEncoding = 4; lastKnownFileType = sourcecode.c.h; path = turbojpeg.h; sourceTree = "<group>"; };
		038F97FD185F87EB0089C256 /* libturbojpeg.a */ = {isa = PBXFileReference; lastKnownFileType = archive.ar; path = libturbojpeg.a; sourceTree = "<group>"; };
		038F97FE185F87EB0089C256 /* libturbojpeg.dylib */ = {isa = PBXFileReference; lastKnownFileType = "compiled.mach-o.dylib"; path = libturbojpeg.dylib; sourceTree = "<group>"; };
		038F9802185F87EB0089C256 /* Readme.md */ = {isa = PBXFileReference; fileEncoding = 4; lastKnownFileType = text; path = Readme.md; sourceTree = "<group>"; };
		038F9804185F87EB0089C256 /* ofxTurboJpeg.cpp */ = {isa = PBXFileReference; fileEncoding = 4; lastKnownFileType = sourcecode.cpp.cpp; path = ofxTurboJpeg.cpp; sourceTree = "<group>"; };
		038F9805185F87EB0089C256 /* ofxTurboJpeg.h */ = {isa = PBXFileReference; fileEncoding = 4; lastKnownFileType = sourcecode.c.h; path = ofxTurboJpeg.h; sourceTree = "<group>"; };
		038F980F185F87F80089C256 /* ShadowCircle.png */ = {isa = PBXFileReference; lastKnownFileType = image.png; path = ShadowCircle.png; sourceTree = "<group>"; };
		038F9810185F87F80089C256 /* README.md */ = {isa = PBXFileReference; fileEncoding = 4; lastKnownFileType = text; path = README.md; sourceTree = "<group>"; };
		038F9812185F87F80089C256 /* ofxPrettyExtremeUtils.cpp */ = {isa = PBXFileReference; fileEncoding = 4; lastKnownFileType = sourcecode.cpp.cpp; path = ofxPrettyExtremeUtils.cpp; sourceTree = "<group>"; };
		038F9813185F87F80089C256 /* ofxPrettyExtremeUtils.h */ = {isa = PBXFileReference; fileEncoding = 4; lastKnownFileType = sourcecode.c.h; path = ofxPrettyExtremeUtils.h; sourceTree = "<group>"; };
		03DFD7831864CD410011A3F5 /* .gitignore */ = {isa = PBXFileReference; fileEncoding = 4; lastKnownFileType = text; path = .gitignore; sourceTree = "<group>"; };
		03DFD7901864CD410011A3F5 /* ofxaddons_thumbnail.png */ = {isa = PBXFileReference; lastKnownFileType = image.png; path = ofxaddons_thumbnail.png; sourceTree = "<group>"; };
		03DFD7911864CD410011A3F5 /* readme.md */ = {isa = PBXFileReference; fileEncoding = 4; lastKnownFileType = text; path = readme.md; sourceTree = "<group>"; };
		03DFD7921864CD410011A3F5 /* screenshot.png */ = {isa = PBXFileReference; lastKnownFileType = image.png; path = screenshot.png; sourceTree = "<group>"; };
		03DFD7931864CD410011A3F5 /* screenshot_godray.png */ = {isa = PBXFileReference; lastKnownFileType = image.png; path = screenshot_godray.png; sourceTree = "<group>"; };
		03DFD7941864CD410011A3F5 /* screenshot_toon.png */ = {isa = PBXFileReference; lastKnownFileType = image.png; path = screenshot_toon.png; sourceTree = "<group>"; };
		03DFD7961864CD410011A3F5 /* BleachBypassPass.cpp */ = {isa = PBXFileReference; fileEncoding = 4; lastKnownFileType = sourcecode.cpp.cpp; path = BleachBypassPass.cpp; sourceTree = "<group>"; };
		03DFD7971864CD410011A3F5 /* BleachBypassPass.h */ = {isa = PBXFileReference; fileEncoding = 4; lastKnownFileType = sourcecode.c.h; path = BleachBypassPass.h; sourceTree = "<group>"; };
		03DFD7981864CD410011A3F5 /* BloomPass.cpp */ = {isa = PBXFileReference; fileEncoding = 4; lastKnownFileType = sourcecode.cpp.cpp; path = BloomPass.cpp; sourceTree = "<group>"; };
		03DFD7991864CD410011A3F5 /* BloomPass.h */ = {isa = PBXFileReference; fileEncoding = 4; lastKnownFileType = sourcecode.c.h; path = BloomPass.h; sourceTree = "<group>"; };
		03DFD79A1864CD410011A3F5 /* BWLevelsPass.cpp */ = {isa = PBXFileReference; fileEncoding = 4; lastKnownFileType = sourcecode.cpp.cpp; path = BWLevelsPass.cpp; sourceTree = "<group>"; };
		03DFD79B1864CD410011A3F5 /* BWLevelsPass.h */ = {isa = PBXFileReference; fileEncoding = 4; lastKnownFileType = sourcecode.c.h; path = BWLevelsPass.h; sourceTree = "<group>"; };
		03DFD79C1864CD410011A3F5 /* ColorizePass.cpp */ = {isa = PBXFileReference; fileEncoding = 4; lastKnownFileType = sourcecode.cpp.cpp; path = ColorizePass.cpp; sourceTree = "<group>"; };
		03DFD79D1864CD410011A3F5 /* ColorizePass.h */ = {isa = PBXFileReference; fileEncoding = 4; lastKnownFileType = sourcecode.c.h; path = ColorizePass.h; sourceTree = "<group>"; };
		03DFD79E1864CD410011A3F5 /* ContrastPass.cpp */ = {isa = PBXFileReference; fileEncoding = 4; lastKnownFileType = sourcecode.cpp.cpp; path = ContrastPass.cpp; sourceTree = "<group>"; };
		03DFD79F1864CD410011A3F5 /* ContrastPass.h */ = {isa = PBXFileReference; fileEncoding = 4; lastKnownFileType = sourcecode.c.h; path = ContrastPass.h; sourceTree = "<group>"; };
		03DFD7A01864CD410011A3F5 /* ConvolutionPass.cpp */ = {isa = PBXFileReference; fileEncoding = 4; lastKnownFileType = sourcecode.cpp.cpp; path = ConvolutionPass.cpp; sourceTree = "<group>"; };
		03DFD7A11864CD410011A3F5 /* ConvolutionPass.h */ = {isa = PBXFileReference; fileEncoding = 4; lastKnownFileType = sourcecode.c.h; path = ConvolutionPass.h; sourceTree = "<group>"; };
		03DFD7A21864CD410011A3F5 /* DofAltPass.cpp */ = {isa = PBXFileReference; fileEncoding = 4; lastKnownFileType = sourcecode.cpp.cpp; path = DofAltPass.cpp; sourceTree = "<group>"; };
		03DFD7A31864CD410011A3F5 /* DofAltPass.h */ = {isa = PBXFileReference; fileEncoding = 4; lastKnownFileType = sourcecode.c.h; path = DofAltPass.h; sourceTree = "<group>"; };
		03DFD7A41864CD410011A3F5 /* DofPass.cpp */ = {isa = PBXFileReference; fileEncoding = 4; lastKnownFileType = sourcecode.cpp.cpp; path = DofPass.cpp; sourceTree = "<group>"; };
		03DFD7A51864CD410011A3F5 /* DofPass.h */ = {isa = PBXFileReference; fileEncoding = 4; lastKnownFileType = sourcecode.c.h; path = DofPass.h; sourceTree = "<group>"; };
		03DFD7A61864CD410011A3F5 /* EdgePass.cpp */ = {isa = PBXFileReference; fileEncoding = 4; lastKnownFileType = sourcecode.cpp.cpp; path = EdgePass.cpp; sourceTree = "<group>"; };
		03DFD7A71864CD410011A3F5 /* EdgePass.h */ = {isa = PBXFileReference; fileEncoding = 4; lastKnownFileType = sourcecode.c.h; path = EdgePass.h; sourceTree = "<group>"; };
		03DFD7A81864CD410011A3F5 /* FakeSSSPass.cpp */ = {isa = PBXFileReference; fileEncoding = 4; lastKnownFileType = sourcecode.cpp.cpp; path = FakeSSSPass.cpp; sourceTree = "<group>"; };
		03DFD7A91864CD410011A3F5 /* FakeSSSPass.h */ = {isa = PBXFileReference; fileEncoding = 4; lastKnownFileType = sourcecode.c.h; path = FakeSSSPass.h; sourceTree = "<group>"; };
		03DFD7AA1864CD410011A3F5 /* FxaaPass.cpp */ = {isa = PBXFileReference; fileEncoding = 4; lastKnownFileType = sourcecode.cpp.cpp; path = FxaaPass.cpp; sourceTree = "<group>"; };
		03DFD7AB1864CD410011A3F5 /* FxaaPass.h */ = {isa = PBXFileReference; fileEncoding = 4; lastKnownFileType = sourcecode.c.h; path = FxaaPass.h; sourceTree = "<group>"; };
		03DFD7AC1864CD410011A3F5 /* GlowPass.cpp */ = {isa = PBXFileReference; fileEncoding = 4; lastKnownFileType = sourcecode.cpp.cpp; path = GlowPass.cpp; sourceTree = "<group>"; };
		03DFD7AD1864CD410011A3F5 /* GlowPass.h */ = {isa = PBXFileReference; fileEncoding = 4; lastKnownFileType = sourcecode.c.h; path = GlowPass.h; sourceTree = "<group>"; };
		03DFD7AE1864CD410011A3F5 /* GodRaysPass.cpp */ = {isa = PBXFileReference; fileEncoding = 4; lastKnownFileType = sourcecode.cpp.cpp; path = GodRaysPass.cpp; sourceTree = "<group>"; };
		03DFD7AF1864CD410011A3F5 /* GodRaysPass.h */ = {isa = PBXFileReference; fileEncoding = 4; lastKnownFileType = sourcecode.c.h; path = GodRaysPass.h; sourceTree = "<group>"; };
		03DFD7B01864CD410011A3F5 /* HorizontalTiltShifPass.cpp */ = {isa = PBXFileReference; fileEncoding = 4; lastKnownFileType = sourcecode.cpp.cpp; path = HorizontalTiltShifPass.cpp; sourceTree = "<group>"; };
		03DFD7B11864CD410011A3F5 /* HorizontalTiltShifPass.h */ = {isa = PBXFileReference; fileEncoding = 4; lastKnownFileType = sourcecode.c.h; path = HorizontalTiltShifPass.h; sourceTree = "<group>"; };
		03DFD7B21864CD410011A3F5 /* KaleidoscopePass.cpp */ = {isa = PBXFileReference; fileEncoding = 4; lastKnownFileType = sourcecode.cpp.cpp; path = KaleidoscopePass.cpp; sourceTree = "<group>"; };
		03DFD7B31864CD410011A3F5 /* KaleidoscopePass.h */ = {isa = PBXFileReference; fileEncoding = 4; lastKnownFileType = sourcecode.c.h; path = KaleidoscopePass.h; sourceTree = "<group>"; };
		03DFD7B41864CD410011A3F5 /* LimbDarkeningPass.cpp */ = {isa = PBXFileReference; fileEncoding = 4; lastKnownFileType = sourcecode.cpp.cpp; path = LimbDarkeningPass.cpp; sourceTree = "<group>"; };
		03DFD7B51864CD410011A3F5 /* LimbDarkeningPass.h */ = {isa = PBXFileReference; fileEncoding = 4; lastKnownFileType = sourcecode.c.h; path = LimbDarkeningPass.h; sourceTree = "<group>"; };
		03DFD7B61864CD410011A3F5 /* LUTPass.cpp */ = {isa = PBXFileReference; fileEncoding = 4; lastKnownFileType = sourcecode.cpp.cpp; path = LUTPass.cpp; sourceTree = "<group>"; };
		03DFD7B71864CD410011A3F5 /* LUTPass.h */ = {isa = PBXFileReference; fileEncoding = 4; lastKnownFileType = sourcecode.c.h; path = LUTPass.h; sourceTree = "<group>"; };
		03DFD7B81864CD410011A3F5 /* NoiseWarpPass.cpp */ = {isa = PBXFileReference; fileEncoding = 4; lastKnownFileType = sourcecode.cpp.cpp; path = NoiseWarpPass.cpp; sourceTree = "<group>"; };
		03DFD7B91864CD410011A3F5 /* NoiseWarpPass.h */ = {isa = PBXFileReference; fileEncoding = 4; lastKnownFileType = sourcecode.c.h; path = NoiseWarpPass.h; sourceTree = "<group>"; };
		03DFD7BA1864CD410011A3F5 /* OffsetPass.cpp */ = {isa = PBXFileReference; fileEncoding = 4; lastKnownFileType = sourcecode.cpp.cpp; path = OffsetPass.cpp; sourceTree = "<group>"; };
		03DFD7BB1864CD410011A3F5 /* OffsetPass.h */ = {isa = PBXFileReference; fileEncoding = 4; lastKnownFileType = sourcecode.c.h; path = OffsetPass.h; sourceTree = "<group>"; };
		03DFD7BC1864CD410011A3F5 /* ofxPostProcessing.h */ = {isa = PBXFileReference; fileEncoding = 4; lastKnownFileType = sourcecode.c.h; path = ofxPostProcessing.h; sourceTree = "<group>"; };
		03DFD7BD1864CD410011A3F5 /* PixelatePass.cpp */ = {isa = PBXFileReference; fileEncoding = 4; lastKnownFileType = sourcecode.cpp.cpp; path = PixelatePass.cpp; sourceTree = "<group>"; };
		03DFD7BE1864CD410011A3F5 /* PixelatePass.h */ = {isa = PBXFileReference; fileEncoding = 4; lastKnownFileType = sourcecode.c.h; path = PixelatePass.h; sourceTree = "<group>"; };
		03DFD7BF1864CD410011A3F5 /* PostProcessing.cpp */ = {isa = PBXFileReference; fileEncoding = 4; lastKnownFileType = sourcecode.cpp.cpp; path = PostProcessing.cpp; sourceTree = "<group>"; };
		03DFD7C01864CD410011A3F5 /* PostProcessing.h */ = {isa = PBXFileReference; fileEncoding = 4; lastKnownFileType = sourcecode.c.h; path = PostProcessing.h; sourceTree = "<group>"; };
		03DFD7C11864CD410011A3F5 /* RenderPass.cpp */ = {isa = PBXFileReference; fileEncoding = 4; lastKnownFileType = sourcecode.cpp.cpp; path = RenderPass.cpp; sourceTree = "<group>"; };
		03DFD7C21864CD410011A3F5 /* RenderPass.h */ = {isa = PBXFileReference; fileEncoding = 4; lastKnownFileType = sourcecode.c.h; path = RenderPass.h; sourceTree = "<group>"; };
		03DFD7C31864CD410011A3F5 /* RGBScalePass.cpp */ = {isa = PBXFileReference; fileEncoding = 4; lastKnownFileType = sourcecode.cpp.cpp; path = RGBScalePass.cpp; sourceTree = "<group>"; };
		03DFD7C41864CD410011A3F5 /* RGBScalePass.h */ = {isa = PBXFileReference; fileEncoding = 4; lastKnownFileType = sourcecode.c.h; path = RGBScalePass.h; sourceTree = "<group>"; };
		03DFD7C51864CD410011A3F5 /* RGBShiftPass.cpp */ = {isa = PBXFileReference; fileEncoding = 4; lastKnownFileType = sourcecode.cpp.cpp; path = RGBShiftPass.cpp; sourceTree = "<group>"; };
		03DFD7C61864CD410011A3F5 /* RGBShiftPass.h */ = {isa = PBXFileReference; fileEncoding = 4; lastKnownFileType = sourcecode.c.h; path = RGBShiftPass.h; sourceTree = "<group>"; };
		03DFD7C71864CD410011A3F5 /* RimHighlightingPass.cpp */ = {isa = PBXFileReference; fileEncoding = 4; lastKnownFileType = sourcecode.cpp.cpp; path = RimHighlightingPass.cpp; sourceTree = "<group>"; };
		03DFD7C81864CD410011A3F5 /* RimHighlightingPass.h */ = {isa = PBXFileReference; fileEncoding = 4; lastKnownFileType = sourcecode.c.h; path = RimHighlightingPass.h; sourceTree = "<group>"; };
		03DFD7C91864CD410011A3F5 /* SSAOPass.cpp */ = {isa = PBXFileReference; fileEncoding = 4; lastKnownFileType = sourcecode.cpp.cpp; path = SSAOPass.cpp; sourceTree = "<group>"; };
		03DFD7CA1864CD410011A3F5 /* SSAOPass.h */ = {isa = PBXFileReference; fileEncoding = 4; lastKnownFileType = sourcecode.c.h; path = SSAOPass.h; sourceTree = "<group>"; };
		03DFD7CB1864CD410011A3F5 /* ToonPass.cpp */ = {isa = PBXFileReference; fileEncoding = 4; lastKnownFileType = sourcecode.cpp.cpp; path = ToonPass.cpp; sourceTree = "<group>"; };
		03DFD7CC1864CD410011A3F5 /* ToonPass.h */ = {isa = PBXFileReference; fileEncoding = 4; lastKnownFileType = sourcecode.c.h; path = ToonPass.h; sourceTree = "<group>"; };
		03DFD7CD1864CD410011A3F5 /* VerticalTiltShifPass.cpp */ = {isa = PBXFileReference; fileEncoding = 4; lastKnownFileType = sourcecode.cpp.cpp; path = VerticalTiltShifPass.cpp; sourceTree = "<group>"; };
		03DFD7CE1864CD410011A3F5 /* VerticalTiltShifPass.h */ = {isa = PBXFileReference; fileEncoding = 4; lastKnownFileType = sourcecode.c.h; path = VerticalTiltShifPass.h; sourceTree = "<group>"; };
		03DFD7CF1864CD410011A3F5 /* ZoomBlurPass.cpp */ = {isa = PBXFileReference; fileEncoding = 4; lastKnownFileType = sourcecode.cpp.cpp; path = ZoomBlurPass.cpp; sourceTree = "<group>"; };
		03DFD7D01864CD410011A3F5 /* ZoomBlurPass.h */ = {isa = PBXFileReference; fileEncoding = 4; lastKnownFileType = sourcecode.c.h; path = ZoomBlurPass.h; sourceTree = "<group>"; };
		BBAB23BE13894E4700AA2426 /* GLUT.framework */ = {isa = PBXFileReference; lastKnownFileType = wrapper.framework; name = GLUT.framework; path = ../../../libs/glut/lib/osx/GLUT.framework; sourceTree = "<group>"; };
		E4328143138ABC890047C5CB /* openFrameworksLib.xcodeproj */ = {isa = PBXFileReference; lastKnownFileType = "wrapper.pb-project"; name = openFrameworksLib.xcodeproj; path = ../../../libs/openFrameworksCompiled/project/osx/openFrameworksLib.xcodeproj; sourceTree = SOURCE_ROOT; };
		E45BE9710E8CC7DD009D7055 /* AGL.framework */ = {isa = PBXFileReference; lastKnownFileType = wrapper.framework; name = AGL.framework; path = /System/Library/Frameworks/AGL.framework; sourceTree = "<absolute>"; };
		E45BE9720E8CC7DD009D7055 /* ApplicationServices.framework */ = {isa = PBXFileReference; lastKnownFileType = wrapper.framework; name = ApplicationServices.framework; path = /System/Library/Frameworks/ApplicationServices.framework; sourceTree = "<absolute>"; };
		E45BE9730E8CC7DD009D7055 /* AudioToolbox.framework */ = {isa = PBXFileReference; lastKnownFileType = wrapper.framework; name = AudioToolbox.framework; path = /System/Library/Frameworks/AudioToolbox.framework; sourceTree = "<absolute>"; };
		E45BE9740E8CC7DD009D7055 /* Carbon.framework */ = {isa = PBXFileReference; lastKnownFileType = wrapper.framework; name = Carbon.framework; path = /System/Library/Frameworks/Carbon.framework; sourceTree = "<absolute>"; };
		E45BE9750E8CC7DD009D7055 /* CoreAudio.framework */ = {isa = PBXFileReference; lastKnownFileType = wrapper.framework; name = CoreAudio.framework; path = /System/Library/Frameworks/CoreAudio.framework; sourceTree = "<absolute>"; };
		E45BE9760E8CC7DD009D7055 /* CoreFoundation.framework */ = {isa = PBXFileReference; lastKnownFileType = wrapper.framework; name = CoreFoundation.framework; path = /System/Library/Frameworks/CoreFoundation.framework; sourceTree = "<absolute>"; };
		E45BE9770E8CC7DD009D7055 /* CoreServices.framework */ = {isa = PBXFileReference; lastKnownFileType = wrapper.framework; name = CoreServices.framework; path = /System/Library/Frameworks/CoreServices.framework; sourceTree = "<absolute>"; };
		E45BE9790E8CC7DD009D7055 /* OpenGL.framework */ = {isa = PBXFileReference; lastKnownFileType = wrapper.framework; name = OpenGL.framework; path = /System/Library/Frameworks/OpenGL.framework; sourceTree = "<absolute>"; };
		E45BE97A0E8CC7DD009D7055 /* QuickTime.framework */ = {isa = PBXFileReference; lastKnownFileType = wrapper.framework; name = QuickTime.framework; path = /System/Library/Frameworks/QuickTime.framework; sourceTree = "<absolute>"; };
		E4B69B5B0A3A1756003C02F2 /* GlitchPlayerDebug.app */ = {isa = PBXFileReference; explicitFileType = wrapper.application; includeInIndex = 0; path = GlitchPlayerDebug.app; sourceTree = BUILT_PRODUCTS_DIR; };
		E4B69E1D0A3A1BDC003C02F2 /* main.cpp */ = {isa = PBXFileReference; fileEncoding = 30; lastKnownFileType = sourcecode.cpp.cpp; name = main.cpp; path = src/main.cpp; sourceTree = SOURCE_ROOT; };
		E4B6FCAD0C3E899E008CF71C /* openFrameworks-Info.plist */ = {isa = PBXFileReference; fileEncoding = 30; lastKnownFileType = text.plist.xml; path = "openFrameworks-Info.plist"; sourceTree = "<group>"; };
		E4C2424410CC5A17004149E2 /* AppKit.framework */ = {isa = PBXFileReference; lastKnownFileType = wrapper.framework; name = AppKit.framework; path = /System/Library/Frameworks/AppKit.framework; sourceTree = "<absolute>"; };
		E4C2424510CC5A17004149E2 /* Cocoa.framework */ = {isa = PBXFileReference; lastKnownFileType = wrapper.framework; name = Cocoa.framework; path = /System/Library/Frameworks/Cocoa.framework; sourceTree = "<absolute>"; };
		E4C2424610CC5A17004149E2 /* IOKit.framework */ = {isa = PBXFileReference; lastKnownFileType = wrapper.framework; name = IOKit.framework; path = /System/Library/Frameworks/IOKit.framework; sourceTree = "<absolute>"; };
		E4EB691F138AFCF100A09F29 /* CoreOF.xcconfig */ = {isa = PBXFileReference; fileEncoding = 4; lastKnownFileType = text.xcconfig; name = CoreOF.xcconfig; path = ../../../libs/openFrameworksCompiled/project/osx/CoreOF.xcconfig; sourceTree = SOURCE_ROOT; };
		E4EB6923138AFD0F00A09F29 /* Project.xcconfig */ = {isa = PBXFileReference; fileEncoding = 4; lastKnownFileType = text.xcconfig; path = Project.xcconfig; sourceTree = "<group>"; };
		E7E077E415D3B63C0020DFD4 /* CoreVideo.framework */ = {isa = PBXFileReference; lastKnownFileType = wrapper.framework; name = CoreVideo.framework; path = /System/Library/Frameworks/CoreVideo.framework; sourceTree = "<absolute>"; };
		E7E077E715D3B6510020DFD4 /* QTKit.framework */ = {isa = PBXFileReference; lastKnownFileType = wrapper.framework; name = QTKit.framework; path = /System/Library/Frameworks/QTKit.framework; sourceTree = "<absolute>"; };
		E7F985F515E0DE99003869B5 /* Accelerate.framework */ = {isa = PBXFileReference; lastKnownFileType = wrapper.framework; name = Accelerate.framework; path = /System/Library/Frameworks/Accelerate.framework; sourceTree = "<absolute>"; };
/* End PBXFileReference section */

/* Begin PBXFrameworksBuildPhase section */
		E4B69B590A3A1756003C02F2 /* Frameworks */ = {
			isa = PBXFrameworksBuildPhase;
			buildActionMask = 2147483647;
			files = (
				E7F985F815E0DEA3003869B5 /* Accelerate.framework in Frameworks */,
				E7E077E815D3B6510020DFD4 /* QTKit.framework in Frameworks */,
				E4EB6799138ADC1D00A09F29 /* GLUT.framework in Frameworks */,
				E4328149138ABC9F0047C5CB /* openFrameworksDebug.a in Frameworks */,
				038F9808185F87EB0089C256 /* libturbojpeg.a in Frameworks */,
				E45BE97B0E8CC7DD009D7055 /* AGL.framework in Frameworks */,
				E45BE97C0E8CC7DD009D7055 /* ApplicationServices.framework in Frameworks */,
				E45BE97D0E8CC7DD009D7055 /* AudioToolbox.framework in Frameworks */,
				E45BE97E0E8CC7DD009D7055 /* Carbon.framework in Frameworks */,
				E45BE97F0E8CC7DD009D7055 /* CoreAudio.framework in Frameworks */,
				E45BE9800E8CC7DD009D7055 /* CoreFoundation.framework in Frameworks */,
				038F9809185F87EB0089C256 /* libturbojpeg.dylib in Frameworks */,
				E45BE9810E8CC7DD009D7055 /* CoreServices.framework in Frameworks */,
				E45BE9830E8CC7DD009D7055 /* OpenGL.framework in Frameworks */,
				E45BE9840E8CC7DD009D7055 /* QuickTime.framework in Frameworks */,
				E4C2424710CC5A17004149E2 /* AppKit.framework in Frameworks */,
				E4C2424810CC5A17004149E2 /* Cocoa.framework in Frameworks */,
				E4C2424910CC5A17004149E2 /* IOKit.framework in Frameworks */,
				E7E077E515D3B63C0020DFD4 /* CoreVideo.framework in Frameworks */,
			);
			runOnlyForDeploymentPostprocessing = 0;
		};
/* End PBXFrameworksBuildPhase section */

/* Begin PBXGroup section */
		038F97E3185F87AC0089C256 /* ofxMonomeControl */ = {
			isa = PBXGroup;
			children = (
				038F97E8185F87AC0089C256 /* README.txt */,
				038F97E9185F87AC0089C256 /* src */,
			);
			name = ofxMonomeControl;
			path = ../../../addons/ofxMonomeControl;
			sourceTree = "<group>";
		};
		038F97E9185F87AC0089C256 /* src */ = {
			isa = PBXGroup;
			children = (
				038F97EA185F87AC0089C256 /* ofxMonomeControl.cpp */,
				038F97EB185F87AC0089C256 /* ofxMonomeControl.h */,
			);
			path = src;
			sourceTree = "<group>";
		};
		038F97EF185F87EB0089C256 /* ofxTurboJpeg */ = {
			isa = PBXGroup;
			children = (
				038F97F7185F87EB0089C256 /* libs */,
				038F9802185F87EB0089C256 /* Readme.md */,
				038F9803185F87EB0089C256 /* src */,
			);
			name = ofxTurboJpeg;
			path = ../../../addons/ofxTurboJpeg;
			sourceTree = "<group>";
		};
		038F97F7185F87EB0089C256 /* libs */ = {
			isa = PBXGroup;
			children = (
				038F97F8185F87EB0089C256 /* turbo-jpeg */,
			);
			path = libs;
			sourceTree = "<group>";
		};
		038F97F8185F87EB0089C256 /* turbo-jpeg */ = {
			isa = PBXGroup;
			children = (
				038F97F9185F87EB0089C256 /* include */,
				038F97FB185F87EB0089C256 /* lib */,
			);
			path = "turbo-jpeg";
			sourceTree = "<group>";
		};
		038F97F9185F87EB0089C256 /* include */ = {
			isa = PBXGroup;
			children = (
				038F97FA185F87EB0089C256 /* turbojpeg.h */,
			);
			path = include;
			sourceTree = "<group>";
		};
		038F97FB185F87EB0089C256 /* lib */ = {
			isa = PBXGroup;
			children = (
				038F97FC185F87EB0089C256 /* osx */,
			);
			path = lib;
			sourceTree = "<group>";
		};
		038F97FC185F87EB0089C256 /* osx */ = {
			isa = PBXGroup;
			children = (
				038F97FD185F87EB0089C256 /* libturbojpeg.a */,
				038F97FE185F87EB0089C256 /* libturbojpeg.dylib */,
			);
			path = osx;
			sourceTree = "<group>";
		};
		038F9803185F87EB0089C256 /* src */ = {
			isa = PBXGroup;
			children = (
				038F9804185F87EB0089C256 /* ofxTurboJpeg.cpp */,
				038F9805185F87EB0089C256 /* ofxTurboJpeg.h */,
			);
			path = src;
			sourceTree = "<group>";
		};
		038F980D185F87F80089C256 /* ofxPrettyExtremeUtils */ = {
			isa = PBXGroup;
			children = (
				038F980E185F87F80089C256 /* data */,
				038F9810185F87F80089C256 /* README.md */,
				038F9811185F87F80089C256 /* src */,
			);
			name = ofxPrettyExtremeUtils;
			path = ../../../addons/ofxPrettyExtremeUtils;
			sourceTree = "<group>";
		};
		038F980E185F87F80089C256 /* data */ = {
			isa = PBXGroup;
			children = (
				038F980F185F87F80089C256 /* ShadowCircle.png */,
			);
			path = data;
			sourceTree = "<group>";
		};
		038F9811185F87F80089C256 /* src */ = {
			isa = PBXGroup;
			children = (
				038F9812185F87F80089C256 /* ofxPrettyExtremeUtils.cpp */,
				038F9813185F87F80089C256 /* ofxPrettyExtremeUtils.h */,
			);
			path = src;
			sourceTree = "<group>";
		};
		03DFD7821864CD410011A3F5 /* ofxPostProcessing */ = {
			isa = PBXGroup;
			children = (
				03DFD7831864CD410011A3F5 /* .gitignore */,
				03DFD7901864CD410011A3F5 /* ofxaddons_thumbnail.png */,
				03DFD7911864CD410011A3F5 /* readme.md */,
				03DFD7921864CD410011A3F5 /* screenshot.png */,
				03DFD7931864CD410011A3F5 /* screenshot_godray.png */,
				03DFD7941864CD410011A3F5 /* screenshot_toon.png */,
				03DFD7951864CD410011A3F5 /* src */,
			);
			name = ofxPostProcessing;
			path = ../../../addons/ofxPostProcessing;
			sourceTree = "<group>";
		};
		03DFD7951864CD410011A3F5 /* src */ = {
			isa = PBXGroup;
			children = (
				03DFD7961864CD410011A3F5 /* BleachBypassPass.cpp */,
				03DFD7971864CD410011A3F5 /* BleachBypassPass.h */,
				03DFD7981864CD410011A3F5 /* BloomPass.cpp */,
				03DFD7991864CD410011A3F5 /* BloomPass.h */,
				03DFD79A1864CD410011A3F5 /* BWLevelsPass.cpp */,
				03DFD79B1864CD410011A3F5 /* BWLevelsPass.h */,
				03DFD79C1864CD410011A3F5 /* ColorizePass.cpp */,
				03DFD79D1864CD410011A3F5 /* ColorizePass.h */,
				03DFD79E1864CD410011A3F5 /* ContrastPass.cpp */,
				03DFD79F1864CD410011A3F5 /* ContrastPass.h */,
				03DFD7A01864CD410011A3F5 /* ConvolutionPass.cpp */,
				03DFD7A11864CD410011A3F5 /* ConvolutionPass.h */,
				03DFD7A21864CD410011A3F5 /* DofAltPass.cpp */,
				03DFD7A31864CD410011A3F5 /* DofAltPass.h */,
				03DFD7A41864CD410011A3F5 /* DofPass.cpp */,
				03DFD7A51864CD410011A3F5 /* DofPass.h */,
				03DFD7A61864CD410011A3F5 /* EdgePass.cpp */,
				03DFD7A71864CD410011A3F5 /* EdgePass.h */,
				03DFD7A81864CD410011A3F5 /* FakeSSSPass.cpp */,
				03DFD7A91864CD410011A3F5 /* FakeSSSPass.h */,
				03DFD7AA1864CD410011A3F5 /* FxaaPass.cpp */,
				03DFD7AB1864CD410011A3F5 /* FxaaPass.h */,
				03DFD7AC1864CD410011A3F5 /* GlowPass.cpp */,
				03DFD7AD1864CD410011A3F5 /* GlowPass.h */,
				03DFD7AE1864CD410011A3F5 /* GodRaysPass.cpp */,
				03DFD7AF1864CD410011A3F5 /* GodRaysPass.h */,
				03DFD7B01864CD410011A3F5 /* HorizontalTiltShifPass.cpp */,
				03DFD7B11864CD410011A3F5 /* HorizontalTiltShifPass.h */,
				03DFD7B21864CD410011A3F5 /* KaleidoscopePass.cpp */,
				03DFD7B31864CD410011A3F5 /* KaleidoscopePass.h */,
				03DFD7B41864CD410011A3F5 /* LimbDarkeningPass.cpp */,
				03DFD7B51864CD410011A3F5 /* LimbDarkeningPass.h */,
				03DFD7B61864CD410011A3F5 /* LUTPass.cpp */,
				03DFD7B71864CD410011A3F5 /* LUTPass.h */,
				03DFD7B81864CD410011A3F5 /* NoiseWarpPass.cpp */,
				03DFD7B91864CD410011A3F5 /* NoiseWarpPass.h */,
				03DFD7BA1864CD410011A3F5 /* OffsetPass.cpp */,
				03DFD7BB1864CD410011A3F5 /* OffsetPass.h */,
				03DFD7BC1864CD410011A3F5 /* ofxPostProcessing.h */,
				03DFD7BD1864CD410011A3F5 /* PixelatePass.cpp */,
				03DFD7BE1864CD410011A3F5 /* PixelatePass.h */,
				03DFD7BF1864CD410011A3F5 /* PostProcessing.cpp */,
				03DFD7C01864CD410011A3F5 /* PostProcessing.h */,
				03DFD7C11864CD410011A3F5 /* RenderPass.cpp */,
				03DFD7C21864CD410011A3F5 /* RenderPass.h */,
				03DFD7C31864CD410011A3F5 /* RGBScalePass.cpp */,
				03DFD7C41864CD410011A3F5 /* RGBScalePass.h */,
				03DFD7C51864CD410011A3F5 /* RGBShiftPass.cpp */,
				03DFD7C61864CD410011A3F5 /* RGBShiftPass.h */,
				03DFD7C71864CD410011A3F5 /* RimHighlightingPass.cpp */,
				03DFD7C81864CD410011A3F5 /* RimHighlightingPass.h */,
				03DFD7C91864CD410011A3F5 /* SSAOPass.cpp */,
				03DFD7CA1864CD410011A3F5 /* SSAOPass.h */,
				03DFD7CB1864CD410011A3F5 /* ToonPass.cpp */,
				03DFD7CC1864CD410011A3F5 /* ToonPass.h */,
				03DFD7CD1864CD410011A3F5 /* VerticalTiltShifPass.cpp */,
				03DFD7CE1864CD410011A3F5 /* VerticalTiltShifPass.h */,
				03DFD7CF1864CD410011A3F5 /* ZoomBlurPass.cpp */,
				03DFD7D01864CD410011A3F5 /* ZoomBlurPass.h */,
				03517296186C6212008D8D0C /* BuildOffsetPass.cpp */,
				03517298186C621B008D8D0C /* BuildOffsetPass.h */,
			);
			path = src;
			sourceTree = "<group>";
		};
		BB4B014C10F69532006C3DED /* addons */ = {
			isa = PBXGroup;
			children = (
				03DFD7821864CD410011A3F5 /* ofxPostProcessing */,
				038F980D185F87F80089C256 /* ofxPrettyExtremeUtils */,
				038F97EF185F87EB0089C256 /* ofxTurboJpeg */,
				038F97E3185F87AC0089C256 /* ofxMonomeControl */,
			);
			name = addons;
			sourceTree = "<group>";
		};
		BBAB23C913894ECA00AA2426 /* system frameworks */ = {
			isa = PBXGroup;
			children = (
				E7F985F515E0DE99003869B5 /* Accelerate.framework */,
				E4C2424410CC5A17004149E2 /* AppKit.framework */,
				E4C2424510CC5A17004149E2 /* Cocoa.framework */,
				E4C2424610CC5A17004149E2 /* IOKit.framework */,
				E45BE9710E8CC7DD009D7055 /* AGL.framework */,
				E45BE9720E8CC7DD009D7055 /* ApplicationServices.framework */,
				E45BE9730E8CC7DD009D7055 /* AudioToolbox.framework */,
				E45BE9740E8CC7DD009D7055 /* Carbon.framework */,
				E45BE9750E8CC7DD009D7055 /* CoreAudio.framework */,
				E45BE9760E8CC7DD009D7055 /* CoreFoundation.framework */,
				E45BE9770E8CC7DD009D7055 /* CoreServices.framework */,
				E45BE9790E8CC7DD009D7055 /* OpenGL.framework */,
				E45BE97A0E8CC7DD009D7055 /* QuickTime.framework */,
				E7E077E415D3B63C0020DFD4 /* CoreVideo.framework */,
				E7E077E715D3B6510020DFD4 /* QTKit.framework */,
			);
			name = "system frameworks";
			sourceTree = "<group>";
		};
		BBAB23CA13894EDB00AA2426 /* 3rd party frameworks */ = {
			isa = PBXGroup;
			children = (
				BBAB23BE13894E4700AA2426 /* GLUT.framework */,
			);
			name = "3rd party frameworks";
			sourceTree = "<group>";
		};
		E4328144138ABC890047C5CB /* Products */ = {
			isa = PBXGroup;
			children = (
				E4328148138ABC890047C5CB /* openFrameworksDebug.a */,
			);
			name = Products;
			sourceTree = "<group>";
		};
		E45BE5980E8CC70C009D7055 /* frameworks */ = {
			isa = PBXGroup;
			children = (
				BBAB23CA13894EDB00AA2426 /* 3rd party frameworks */,
				BBAB23C913894ECA00AA2426 /* system frameworks */,
			);
			name = frameworks;
			sourceTree = "<group>";
		};
		E4B69B4A0A3A1720003C02F2 = {
			isa = PBXGroup;
			children = (
				E4B6FCAD0C3E899E008CF71C /* openFrameworks-Info.plist */,
				E4EB6923138AFD0F00A09F29 /* Project.xcconfig */,
				E4B69E1C0A3A1BDC003C02F2 /* src */,
				E4EEC9E9138DF44700A80321 /* openFrameworks */,
				BB4B014C10F69532006C3DED /* addons */,
				E45BE5980E8CC70C009D7055 /* frameworks */,
				E4B69B5B0A3A1756003C02F2 /* GlitchPlayerDebug.app */,
			);
			sourceTree = "<group>";
		};
		E4B69E1C0A3A1BDC003C02F2 /* src */ = {
			isa = PBXGroup;
			children = (
				038F97DF185F863F0089C256 /* GlitchPlayer.cpp */,
				038F97E0185F863F0089C256 /* GlitchPlayer.h */,
				038F9721185F84390089C256 /* ofxPerlin.cpp */,
				038F9722185F84390089C256 /* ofxPerlin.h */,
				038F9723185F84390089C256 /* ofxSinCosLUT.h */,
				E4B69E1D0A3A1BDC003C02F2 /* main.cpp */,
			);
			path = src;
			sourceTree = SOURCE_ROOT;
		};
		E4EEC9E9138DF44700A80321 /* openFrameworks */ = {
			isa = PBXGroup;
			children = (
				E4EB691F138AFCF100A09F29 /* CoreOF.xcconfig */,
				E4328143138ABC890047C5CB /* openFrameworksLib.xcodeproj */,
			);
			name = openFrameworks;
			sourceTree = "<group>";
		};
/* End PBXGroup section */

/* Begin PBXNativeTarget section */
		E4B69B5A0A3A1756003C02F2 /* GlitchPlayer */ = {
			isa = PBXNativeTarget;
			buildConfigurationList = E4B69B5F0A3A1757003C02F2 /* Build configuration list for PBXNativeTarget "GlitchPlayer" */;
			buildPhases = (
				E4B69B580A3A1756003C02F2 /* Sources */,
				E4B69B590A3A1756003C02F2 /* Frameworks */,
				E4B6FFFD0C3F9AB9008CF71C /* ShellScript */,
				E4C2427710CC5ABF004149E2 /* CopyFiles */,
			);
			buildRules = (
			);
			dependencies = (
				E4EEB9AC138B136A00A80321 /* PBXTargetDependency */,
			);
			name = GlitchPlayer;
			productName = myOFApp;
			productReference = E4B69B5B0A3A1756003C02F2 /* GlitchPlayerDebug.app */;
			productType = "com.apple.product-type.application";
		};
/* End PBXNativeTarget section */

/* Begin PBXProject section */
		E4B69B4C0A3A1720003C02F2 /* Project object */ = {
			isa = PBXProject;
			attributes = {
				LastUpgradeCheck = 0460;
			};
			buildConfigurationList = E4B69B4D0A3A1720003C02F2 /* Build configuration list for PBXProject "GlitchPlayer" */;
			compatibilityVersion = "Xcode 3.2";
			developmentRegion = English;
			hasScannedForEncodings = 0;
			knownRegions = (
				English,
				Japanese,
				French,
				German,
			);
			mainGroup = E4B69B4A0A3A1720003C02F2;
			productRefGroup = E4B69B4A0A3A1720003C02F2;
			projectDirPath = "";
			projectReferences = (
				{
					ProductGroup = E4328144138ABC890047C5CB /* Products */;
					ProjectRef = E4328143138ABC890047C5CB /* openFrameworksLib.xcodeproj */;
				},
			);
			projectRoot = "";
			targets = (
				E4B69B5A0A3A1756003C02F2 /* GlitchPlayer */,
			);
		};
/* End PBXProject section */

/* Begin PBXReferenceProxy section */
		E4328148138ABC890047C5CB /* openFrameworksDebug.a */ = {
			isa = PBXReferenceProxy;
			fileType = archive.ar;
			path = openFrameworksDebug.a;
			remoteRef = E4328147138ABC890047C5CB /* PBXContainerItemProxy */;
			sourceTree = BUILT_PRODUCTS_DIR;
		};
/* End PBXReferenceProxy section */

/* Begin PBXShellScriptBuildPhase section */
		E4B6FFFD0C3F9AB9008CF71C /* ShellScript */ = {
			isa = PBXShellScriptBuildPhase;
			buildActionMask = 2147483647;
			files = (
			);
			inputPaths = (
			);
			outputPaths = (
			);
			runOnlyForDeploymentPostprocessing = 0;
			shellPath = /bin/sh;
			shellScript = "cp -f ../../../libs/fmodex/lib/osx/libfmodex.dylib \"$TARGET_BUILD_DIR/$PRODUCT_NAME.app/Contents/MacOS/libfmodex.dylib\"; install_name_tool -change ./libfmodex.dylib @executable_path/libfmodex.dylib \"$TARGET_BUILD_DIR/$PRODUCT_NAME.app/Contents/MacOS/$PRODUCT_NAME\";\nmkdir -p \"$TARGET_BUILD_DIR/$PRODUCT_NAME.app/Contents/Resources/\"\ncp -f \"$ICON_FILE\" \"$TARGET_BUILD_DIR/$PRODUCT_NAME.app/Contents/Resources/\"\n";
		};
/* End PBXShellScriptBuildPhase section */

/* Begin PBXSourcesBuildPhase section */
		E4B69B580A3A1756003C02F2 /* Sources */ = {
			isa = PBXSourcesBuildPhase;
			buildActionMask = 2147483647;
			files = (
				03DFD7EF1864CD410011A3F5 /* ZoomBlurPass.cpp in Sources */,
				03DFD7E61864CD410011A3F5 /* PixelatePass.cpp in Sources */,
				03DFD7D91864CD410011A3F5 /* DofAltPass.cpp in Sources */,
				03517297186C6212008D8D0C /* BuildOffsetPass.cpp in Sources */,
				03DFD7E21864CD410011A3F5 /* LimbDarkeningPass.cpp in Sources */,
				03DFD7EB1864CD410011A3F5 /* RimHighlightingPass.cpp in Sources */,
				03DFD7E01864CD410011A3F5 /* HorizontalTiltShifPass.cpp in Sources */,
				03DFD7DF1864CD410011A3F5 /* GodRaysPass.cpp in Sources */,
				03DFD7EA1864CD410011A3F5 /* RGBShiftPass.cpp in Sources */,
				038F980C185F87EB0089C256 /* ofxTurboJpeg.cpp in Sources */,
				03DFD7D81864CD410011A3F5 /* ConvolutionPass.cpp in Sources */,
				03DFD7DD1864CD410011A3F5 /* FxaaPass.cpp in Sources */,
				E4B69E200A3A1BDC003C02F2 /* main.cpp in Sources */,
				03DFD7ED1864CD410011A3F5 /* ToonPass.cpp in Sources */,
				038F97E1185F863F0089C256 /* GlitchPlayer.cpp in Sources */,
				03DFD7D71864CD410011A3F5 /* ContrastPass.cpp in Sources */,
				03DFD7D41864CD410011A3F5 /* BloomPass.cpp in Sources */,
				038F97EE185F87AC0089C256 /* ofxMonomeControl.cpp in Sources */,
				03DFD7DE1864CD410011A3F5 /* GlowPass.cpp in Sources */,
				03DFD7D61864CD410011A3F5 /* ColorizePass.cpp in Sources */,
				03DFD7E71864CD410011A3F5 /* PostProcessing.cpp in Sources */,
				038F9814185F87F80089C256 /* ofxPrettyExtremeUtils.cpp in Sources */,
				03DFD7E11864CD410011A3F5 /* KaleidoscopePass.cpp in Sources */,
				03DFD7DA1864CD410011A3F5 /* DofPass.cpp in Sources */,
				03DFD7E81864CD410011A3F5 /* RenderPass.cpp in Sources */,
				03DFD7EE1864CD410011A3F5 /* VerticalTiltShifPass.cpp in Sources */,
				03DFD7D51864CD410011A3F5 /* BWLevelsPass.cpp in Sources */,
				03DFD7E51864CD410011A3F5 /* OffsetPass.cpp in Sources */,
				038F9724185F84390089C256 /* ofxPerlin.cpp in Sources */,
				03DFD7E31864CD410011A3F5 /* LUTPass.cpp in Sources */,
				03DFD7E91864CD410011A3F5 /* RGBScalePass.cpp in Sources */,
				03DFD7D31864CD410011A3F5 /* BleachBypassPass.cpp in Sources */,
				03DFD7EC1864CD410011A3F5 /* SSAOPass.cpp in Sources */,
				03DFD7E41864CD410011A3F5 /* NoiseWarpPass.cpp in Sources */,
				03DFD7DB1864CD410011A3F5 /* EdgePass.cpp in Sources */,
				03DFD7DC1864CD410011A3F5 /* FakeSSSPass.cpp in Sources */,
			);
			runOnlyForDeploymentPostprocessing = 0;
		};
/* End PBXSourcesBuildPhase section */

/* Begin PBXTargetDependency section */
		E4EEB9AC138B136A00A80321 /* PBXTargetDependency */ = {
			isa = PBXTargetDependency;
			name = openFrameworks;
			targetProxy = E4EEB9AB138B136A00A80321 /* PBXContainerItemProxy */;
		};
/* End PBXTargetDependency section */

/* Begin XCBuildConfiguration section */
		E4B69B4E0A3A1720003C02F2 /* Debug */ = {
			isa = XCBuildConfiguration;
			baseConfigurationReference = E4EB6923138AFD0F00A09F29 /* Project.xcconfig */;
			buildSettings = {
				ARCHS = "$(NATIVE_ARCH)";
				CONFIGURATION_BUILD_DIR = "$(SRCROOT)/bin/";
				COPY_PHASE_STRIP = NO;
				DEAD_CODE_STRIPPING = YES;
				GCC_AUTO_VECTORIZATION = YES;
				GCC_ENABLE_SSE3_EXTENSIONS = YES;
				GCC_ENABLE_SUPPLEMENTAL_SSE3_INSTRUCTIONS = YES;
				GCC_INLINES_ARE_PRIVATE_EXTERN = NO;
				GCC_OPTIMIZATION_LEVEL = 0;
				GCC_SYMBOLS_PRIVATE_EXTERN = NO;
				GCC_WARN_ABOUT_DEPRECATED_FUNCTIONS = YES;
				GCC_WARN_ABOUT_INVALID_OFFSETOF_MACRO = NO;
				GCC_WARN_ALLOW_INCOMPLETE_PROTOCOL = NO;
				GCC_WARN_UNINITIALIZED_AUTOS = NO;
				GCC_WARN_UNUSED_VALUE = NO;
				GCC_WARN_UNUSED_VARIABLE = NO;
				HEADER_SEARCH_PATHS = (
					"$(OF_CORE_HEADERS)",
					src,
				);
				MACOSX_DEPLOYMENT_TARGET = 10.6;
				OTHER_CPLUSPLUSFLAGS = (
					"-D__MACOSX_CORE__",
					"-lpthread",
					"-mtune=native",
				);
				SDKROOT = macosx;
			};
			name = Debug;
		};
		E4B69B4F0A3A1720003C02F2 /* Release */ = {
			isa = XCBuildConfiguration;
			baseConfigurationReference = E4EB6923138AFD0F00A09F29 /* Project.xcconfig */;
			buildSettings = {
				ARCHS = "$(NATIVE_ARCH)";
				CONFIGURATION_BUILD_DIR = "$(SRCROOT)/bin/";
				COPY_PHASE_STRIP = YES;
				DEAD_CODE_STRIPPING = YES;
				GCC_AUTO_VECTORIZATION = YES;
				GCC_ENABLE_SSE3_EXTENSIONS = YES;
				GCC_ENABLE_SUPPLEMENTAL_SSE3_INSTRUCTIONS = YES;
				GCC_INLINES_ARE_PRIVATE_EXTERN = NO;
				GCC_OPTIMIZATION_LEVEL = 3;
				GCC_SYMBOLS_PRIVATE_EXTERN = NO;
				GCC_UNROLL_LOOPS = YES;
				GCC_WARN_ABOUT_DEPRECATED_FUNCTIONS = YES;
				GCC_WARN_ABOUT_INVALID_OFFSETOF_MACRO = NO;
				GCC_WARN_ALLOW_INCOMPLETE_PROTOCOL = NO;
				GCC_WARN_UNINITIALIZED_AUTOS = NO;
				GCC_WARN_UNUSED_VALUE = NO;
				GCC_WARN_UNUSED_VARIABLE = NO;
				HEADER_SEARCH_PATHS = (
					"$(OF_CORE_HEADERS)",
					src,
				);
				MACOSX_DEPLOYMENT_TARGET = 10.6;
				OTHER_CPLUSPLUSFLAGS = (
					"-D__MACOSX_CORE__",
					"-lpthread",
					"-mtune=native",
				);
				SDKROOT = macosx;
			};
			name = Release;
		};
		E4B69B600A3A1757003C02F2 /* Debug */ = {
			isa = XCBuildConfiguration;
			buildSettings = {
				COMBINE_HIDPI_IMAGES = YES;
				COPY_PHASE_STRIP = NO;
				FRAMEWORK_SEARCH_PATHS = (
					"$(inherited)",
					"$(FRAMEWORK_SEARCH_PATHS_QUOTED_FOR_TARGET_1)",
				);
				FRAMEWORK_SEARCH_PATHS_QUOTED_FOR_TARGET_1 = "\"$(SRCROOT)/../../../libs/glut/lib/osx\"";
				GCC_DYNAMIC_NO_PIC = NO;
				GCC_GENERATE_DEBUGGING_SYMBOLS = YES;
				GCC_MODEL_TUNING = NONE;
				ICON = "$(ICON_NAME_DEBUG)";
				ICON_FILE = "$(ICON_FILE_PATH)$(ICON)";
				INFOPLIST_FILE = "openFrameworks-Info.plist";
				INSTALL_PATH = "$(HOME)/Applications";
				LIBRARY_SEARCH_PATHS = (
					"$(inherited)",
					"$(LIBRARY_SEARCH_PATHS_QUOTED_FOR_TARGET_1)",
					"$(LIBRARY_SEARCH_PATHS_QUOTED_FOR_TARGET_2)",
					"$(LIBRARY_SEARCH_PATHS_QUOTED_FOR_TARGET_3)",
					"$(LIBRARY_SEARCH_PATHS_QUOTED_FOR_TARGET_4)",
					"$(LIBRARY_SEARCH_PATHS_QUOTED_FOR_TARGET_5)",
					"$(LIBRARY_SEARCH_PATHS_QUOTED_FOR_TARGET_6)",
					"$(LIBRARY_SEARCH_PATHS_QUOTED_FOR_TARGET_7)",
					"$(LIBRARY_SEARCH_PATHS_QUOTED_FOR_TARGET_8)",
					"$(LIBRARY_SEARCH_PATHS_QUOTED_FOR_TARGET_9)",
					"$(LIBRARY_SEARCH_PATHS_QUOTED_FOR_TARGET_10)",
					"$(LIBRARY_SEARCH_PATHS_QUOTED_FOR_TARGET_11)",
					"$(LIBRARY_SEARCH_PATHS_QUOTED_FOR_TARGET_12)",
					"$(LIBRARY_SEARCH_PATHS_QUOTED_FOR_TARGET_13)",
					"$(LIBRARY_SEARCH_PATHS_QUOTED_FOR_TARGET_14)",
					"$(LIBRARY_SEARCH_PATHS_QUOTED_FOR_TARGET_15)",
					"$(LIBRARY_SEARCH_PATHS_QUOTED_FOR_TARGET_2)",
					"$(LIBRARY_SEARCH_PATHS_QUOTED_FOR_TARGET_3)",
					"$(LIBRARY_SEARCH_PATHS_QUOTED_FOR_TARGET_7)",
					"$(LIBRARY_SEARCH_PATHS_QUOTED_FOR_TARGET_8)",
					"$(LIBRARY_SEARCH_PATHS_QUOTED_FOR_TARGET_9)",
					"$(LIBRARY_SEARCH_PATHS_QUOTED_FOR_TARGET_10)",
					"$(LIBRARY_SEARCH_PATHS_QUOTED_FOR_TARGET_11)",
					"$(LIBRARY_SEARCH_PATHS_QUOTED_FOR_TARGET_12)",
					"$(LIBRARY_SEARCH_PATHS_QUOTED_FOR_TARGET_13)",
					"$(LIBRARY_SEARCH_PATHS_QUOTED_FOR_TARGET_16)",
					"$(LIBRARY_SEARCH_PATHS_QUOTED_FOR_TARGET_17)",
					"$(LIBRARY_SEARCH_PATHS_QUOTED_FOR_TARGET_18)",
					"$(LIBRARY_SEARCH_PATHS_QUOTED_FOR_TARGET_19)",
					"$(LIBRARY_SEARCH_PATHS_QUOTED_FOR_TARGET_20)",
					"$(LIBRARY_SEARCH_PATHS_QUOTED_FOR_TARGET_21)",
					"$(LIBRARY_SEARCH_PATHS_QUOTED_FOR_TARGET_22)",
					"$(LIBRARY_SEARCH_PATHS_QUOTED_FOR_TARGET_23)",
					"$(LIBRARY_SEARCH_PATHS_QUOTED_FOR_TARGET_24)",
					"$(LIBRARY_SEARCH_PATHS_QUOTED_FOR_TARGET_25)",
					"$(LIBRARY_SEARCH_PATHS_QUOTED_FOR_TARGET_26)",
					"$(LIBRARY_SEARCH_PATHS_QUOTED_FOR_TARGET_27)",
					"$(LIBRARY_SEARCH_PATHS_QUOTED_FOR_TARGET_28)",
					"$(LIBRARY_SEARCH_PATHS_QUOTED_FOR_TARGET_29)",
					"$(LIBRARY_SEARCH_PATHS_QUOTED_FOR_TARGET_30)",
					"$(LIBRARY_SEARCH_PATHS_QUOTED_FOR_TARGET_31)",
					"$(LIBRARY_SEARCH_PATHS_QUOTED_FOR_TARGET_32)",
					"$(LIBRARY_SEARCH_PATHS_QUOTED_FOR_TARGET_33)",
					"$(LIBRARY_SEARCH_PATHS_QUOTED_FOR_TARGET_34)",
					"$(LIBRARY_SEARCH_PATHS_QUOTED_FOR_TARGET_35)",
					"$(LIBRARY_SEARCH_PATHS_QUOTED_FOR_TARGET_36)",
					"$(LIBRARY_SEARCH_PATHS_QUOTED_FOR_TARGET_37)",
					"$(LIBRARY_SEARCH_PATHS_QUOTED_FOR_TARGET_38)",
					"$(LIBRARY_SEARCH_PATHS_QUOTED_FOR_TARGET_39)",
					"$(LIBRARY_SEARCH_PATHS_QUOTED_FOR_TARGET_40)",
					"$(LIBRARY_SEARCH_PATHS_QUOTED_FOR_TARGET_41)",
					"$(LIBRARY_SEARCH_PATHS_QUOTED_FOR_TARGET_42)",
					"$(LIBRARY_SEARCH_PATHS_QUOTED_FOR_TARGET_43)",
					"$(LIBRARY_SEARCH_PATHS_QUOTED_FOR_TARGET_44)",
					"$(LIBRARY_SEARCH_PATHS_QUOTED_FOR_TARGET_45)",
					"$(LIBRARY_SEARCH_PATHS_QUOTED_FOR_TARGET_46)",
					"$(LIBRARY_SEARCH_PATHS_QUOTED_FOR_TARGET_47)",
					"$(LIBRARY_SEARCH_PATHS_QUOTED_FOR_TARGET_48)",
					"$(LIBRARY_SEARCH_PATHS_QUOTED_FOR_TARGET_49)",
					"$(LIBRARY_SEARCH_PATHS_QUOTED_FOR_TARGET_50)",
					"$(LIBRARY_SEARCH_PATHS_QUOTED_FOR_TARGET_51)",
					"$(LIBRARY_SEARCH_PATHS_QUOTED_FOR_TARGET_52)",
					"/Users/Josh/Documents/openFrameworks/addons/ofxTurboJpeg/libs/turbo-jpeg/lib/osx",
					"/Users/Josh/Documents/openFrameworks/addons/ofxTurboJpeg/libs/turbo-jpeg/lib/Win32",
				);
				PRODUCT_NAME = GlitchPlayerDebug;
				WRAPPER_EXTENSION = app;
			};
			name = Debug;
		};
		E4B69B610A3A1757003C02F2 /* Release */ = {
			isa = XCBuildConfiguration;
			buildSettings = {
				COMBINE_HIDPI_IMAGES = YES;
				COPY_PHASE_STRIP = YES;
				FRAMEWORK_SEARCH_PATHS = (
					"$(inherited)",
					"$(FRAMEWORK_SEARCH_PATHS_QUOTED_FOR_TARGET_1)",
				);
				FRAMEWORK_SEARCH_PATHS_QUOTED_FOR_TARGET_1 = "\"$(SRCROOT)/../../../libs/glut/lib/osx\"";
				GCC_GENERATE_DEBUGGING_SYMBOLS = YES;
				GCC_MODEL_TUNING = NONE;
				ICON = "$(ICON_NAME_RELEASE)";
				ICON_FILE = "$(ICON_FILE_PATH)$(ICON)";
				INFOPLIST_FILE = "openFrameworks-Info.plist";
				INSTALL_PATH = "$(HOME)/Applications";
				LIBRARY_SEARCH_PATHS = (
					"$(inherited)",
					"$(LIBRARY_SEARCH_PATHS_QUOTED_FOR_TARGET_1)",
					"$(LIBRARY_SEARCH_PATHS_QUOTED_FOR_TARGET_2)",
					"$(LIBRARY_SEARCH_PATHS_QUOTED_FOR_TARGET_3)",
					"$(LIBRARY_SEARCH_PATHS_QUOTED_FOR_TARGET_4)",
					"$(LIBRARY_SEARCH_PATHS_QUOTED_FOR_TARGET_5)",
					"$(LIBRARY_SEARCH_PATHS_QUOTED_FOR_TARGET_6)",
					"$(LIBRARY_SEARCH_PATHS_QUOTED_FOR_TARGET_7)",
					"$(LIBRARY_SEARCH_PATHS_QUOTED_FOR_TARGET_8)",
					"$(LIBRARY_SEARCH_PATHS_QUOTED_FOR_TARGET_9)",
					"$(LIBRARY_SEARCH_PATHS_QUOTED_FOR_TARGET_10)",
					"$(LIBRARY_SEARCH_PATHS_QUOTED_FOR_TARGET_11)",
					"$(LIBRARY_SEARCH_PATHS_QUOTED_FOR_TARGET_12)",
					"$(LIBRARY_SEARCH_PATHS_QUOTED_FOR_TARGET_13)",
					"$(LIBRARY_SEARCH_PATHS_QUOTED_FOR_TARGET_14)",
					"$(LIBRARY_SEARCH_PATHS_QUOTED_FOR_TARGET_15)",
					"$(LIBRARY_SEARCH_PATHS_QUOTED_FOR_TARGET_2)",
					"$(LIBRARY_SEARCH_PATHS_QUOTED_1)",
					"$(LIBRARY_SEARCH_PATHS_QUOTED_FOR_TARGET_3)",
					"$(LIBRARY_SEARCH_PATHS_QUOTED_FOR_TARGET_7)",
					"$(LIBRARY_SEARCH_PATHS_QUOTED_FOR_TARGET_8)",
					"$(LIBRARY_SEARCH_PATHS_QUOTED_FOR_TARGET_9)",
					"$(LIBRARY_SEARCH_PATHS_QUOTED_FOR_TARGET_10)",
					"$(LIBRARY_SEARCH_PATHS_QUOTED_FOR_TARGET_11)",
					"$(LIBRARY_SEARCH_PATHS_QUOTED_FOR_TARGET_12)",
					"$(LIBRARY_SEARCH_PATHS_QUOTED_FOR_TARGET_13)",
					"$(LIBRARY_SEARCH_PATHS_QUOTED_FOR_TARGET_16)",
					"$(LIBRARY_SEARCH_PATHS_QUOTED_FOR_TARGET_17)",
					"$(LIBRARY_SEARCH_PATHS_QUOTED_FOR_TARGET_18)",
					"$(LIBRARY_SEARCH_PATHS_QUOTED_FOR_TARGET_19)",
					"$(LIBRARY_SEARCH_PATHS_QUOTED_FOR_TARGET_20)",
					"$(LIBRARY_SEARCH_PATHS_QUOTED_FOR_TARGET_21)",
					"$(LIBRARY_SEARCH_PATHS_QUOTED_FOR_TARGET_22)",
					"$(LIBRARY_SEARCH_PATHS_QUOTED_FOR_TARGET_23)",
					"$(LIBRARY_SEARCH_PATHS_QUOTED_FOR_TARGET_24)",
					"$(LIBRARY_SEARCH_PATHS_QUOTED_FOR_TARGET_25)",
					"$(LIBRARY_SEARCH_PATHS_QUOTED_FOR_TARGET_26)",
					"$(LIBRARY_SEARCH_PATHS_QUOTED_FOR_TARGET_27)",
					"$(LIBRARY_SEARCH_PATHS_QUOTED_FOR_TARGET_28)",
					"$(LIBRARY_SEARCH_PATHS_QUOTED_FOR_TARGET_29)",
					"$(LIBRARY_SEARCH_PATHS_QUOTED_FOR_TARGET_30)",
					"$(LIBRARY_SEARCH_PATHS_QUOTED_FOR_TARGET_31)",
					"$(LIBRARY_SEARCH_PATHS_QUOTED_FOR_TARGET_32)",
					"$(LIBRARY_SEARCH_PATHS_QUOTED_FOR_TARGET_33)",
					"$(LIBRARY_SEARCH_PATHS_QUOTED_FOR_TARGET_34)",
					"$(LIBRARY_SEARCH_PATHS_QUOTED_FOR_TARGET_35)",
					"$(LIBRARY_SEARCH_PATHS_QUOTED_FOR_TARGET_36)",
					"$(LIBRARY_SEARCH_PATHS_QUOTED_FOR_TARGET_37)",
					"$(LIBRARY_SEARCH_PATHS_QUOTED_FOR_TARGET_38)",
					"$(LIBRARY_SEARCH_PATHS_QUOTED_FOR_TARGET_39)",
					"$(LIBRARY_SEARCH_PATHS_QUOTED_FOR_TARGET_40)",
					"$(LIBRARY_SEARCH_PATHS_QUOTED_FOR_TARGET_41)",
					"$(LIBRARY_SEARCH_PATHS_QUOTED_FOR_TARGET_42)",
					"$(LIBRARY_SEARCH_PATHS_QUOTED_FOR_TARGET_43)",
					"$(LIBRARY_SEARCH_PATHS_QUOTED_FOR_TARGET_44)",
					"$(LIBRARY_SEARCH_PATHS_QUOTED_FOR_TARGET_45)",
					"$(LIBRARY_SEARCH_PATHS_QUOTED_FOR_TARGET_46)",
					"$(LIBRARY_SEARCH_PATHS_QUOTED_FOR_TARGET_47)",
					"$(LIBRARY_SEARCH_PATHS_QUOTED_FOR_TARGET_48)",
					"$(LIBRARY_SEARCH_PATHS_QUOTED_FOR_TARGET_49)",
					"$(LIBRARY_SEARCH_PATHS_QUOTED_FOR_TARGET_50)",
					"$(LIBRARY_SEARCH_PATHS_QUOTED_FOR_TARGET_51)",
					"/Users/Josh/Documents/openFrameworks/addons/ofxTurboJpeg/libs/turbo-jpeg/lib/osx",
					"/Users/Josh/Documents/openFrameworks/addons/ofxTurboJpeg/libs/turbo-jpeg/lib/Win32",
				);
				PRODUCT_NAME = GlitchPlayer;
				WRAPPER_EXTENSION = app;
			};
			name = Release;
		};
/* End XCBuildConfiguration section */

/* Begin XCConfigurationList section */
		E4B69B4D0A3A1720003C02F2 /* Build configuration list for PBXProject "GlitchPlayer" */ = {
			isa = XCConfigurationList;
			buildConfigurations = (
				E4B69B4E0A3A1720003C02F2 /* Debug */,
				E4B69B4F0A3A1720003C02F2 /* Release */,
			);
			defaultConfigurationIsVisible = 0;
			defaultConfigurationName = Release;
		};
		E4B69B5F0A3A1757003C02F2 /* Build configuration list for PBXNativeTarget "GlitchPlayer" */ = {
			isa = XCConfigurationList;
			buildConfigurations = (
				E4B69B600A3A1757003C02F2 /* Debug */,
				E4B69B610A3A1757003C02F2 /* Release */,
			);
			defaultConfigurationIsVisible = 0;
			defaultConfigurationName = Release;
		};
/* End XCConfigurationList section */
	};
	rootObject = E4B69B4C0A3A1720003C02F2 /* Project object */;
}
